<?xml version="1.0" encoding="utf-8"?>
<Project ToolsVersion="4.0" xmlns="http://schemas.microsoft.com/developer/msbuild/2003">
  <ItemGroup>
    <Filter Include="Source Files">
      <UniqueIdentifier>{4FC737F1-C7A5-4376-A066-2A32D752A2FF}</UniqueIdentifier>
      <Extensions>cpp;c;cc;cxx;c++;cppm;ixx;def;odl;idl;hpj;bat;asm;asmx</Extensions>
    </Filter>
    <Filter Include="Variante">
      <UniqueIdentifier>{20c4f49a-b4be-47fe-b054-f50dad62b1a7}</UniqueIdentifier>
    </Filter>
    <Filter Include="Variante\2022">
      <UniqueIdentifier>{9a8a9201-80bb-46a9-92c4-a0986b1e6b2d}</UniqueIdentifier>
    </Filter>
    <Filter Include="Variante\2021">
      <UniqueIdentifier>{9dc2d04e-263f-4a2c-a27b-88dd39fa4745}</UniqueIdentifier>
    </Filter>
    <Filter Include="Text Files">
      <UniqueIdentifier>{a65fa9e0-1515-4ff0-90f2-57cbafa24e96}</UniqueIdentifier>
    </Filter>
    <Filter Include="Variante\2020">
      <UniqueIdentifier>{d7605833-a2f1-4262-89f9-fea73e289257}</UniqueIdentifier>
    </Filter>
  </ItemGroup>
  <ItemGroup>
    <ClCompile Include="variante-ionel-jitaru.cpp">
      <Filter>Source Files</Filter>
    </ClCompile>
  </ItemGroup>
  <ItemGroup>
    <ClInclude Include="2022-Varianta-1.h">
      <Filter>Variante\2022</Filter>
    </ClInclude>
    <ClInclude Include="2021-Varianta-2.h">
      <Filter>Variante\2021</Filter>
    </ClInclude>
    <ClInclude Include="2021-Varianta-3.h">
      <Filter>Variante\2021</Filter>
    </ClInclude>
    <ClInclude Include="2021-Varianta-4.h">
      <Filter>Variante\2021</Filter>
    </ClInclude>
    <ClInclude Include="2021-Varianta-5.h">
      <Filter>Variante\2021</Filter>
    </ClInclude>
    <ClInclude Include="2021-Varianta-6.h">
      <Filter>Variante\2021</Filter>
    </ClInclude>
    <ClInclude Include="2021-Varianta-7.h">
      <Filter>Variante\2021</Filter>
    </ClInclude>
    <ClInclude Include="2021-Varianta-8.h">
      <Filter>Variante\2021</Filter>
    </ClInclude>
    <ClInclude Include="2021-Varianta-9.h">
      <Filter>Variante\2021</Filter>
    </ClInclude>
    <ClInclude Include="2021-Varianta-10.h">
      <Filter>Variante\2021</Filter>
    </ClInclude>
    <ClInclude Include="2021-Varianta-11.h">
      <Filter>Variante\2021</Filter>
    </ClInclude>
    <ClInclude Include="2021-Varianta-12.h">
      <Filter>Variante\2021</Filter>
    </ClInclude>
    <ClInclude Include="2020-Varianta-1.h">
      <Filter>Variante\2020</Filter>
    </ClInclude>
    <ClInclude Include="2020-Varianta-2.h">
      <Filter>Variante\2020</Filter>
    </ClInclude>
    <ClInclude Include="2020-Varianta-3.h">
      <Filter>Variante\2020</Filter>
    </ClInclude>
    <ClInclude Include="2020-Varianta-5.h">
      <Filter>Variante\2020</Filter>
    </ClInclude>
    <ClInclude Include="2020-Varianta-4.h">
      <Filter>Variante\2020</Filter>
    </ClInclude>
    <ClInclude Include="2020-Varianta-6.h">
      <Filter>Variante\2020</Filter>
    </ClInclude>
    <ClInclude Include="2020-Varianta-7.h">
      <Filter>Variante\2020</Filter>
    </ClInclude>
    <ClInclude Include="2020-Varianta-8.h">
      <Filter>Variante\2020</Filter>
    </ClInclude>
    <ClInclude Include="2020-Varianta-9.h">
      <Filter>Variante\2020</Filter>
    </ClInclude>
    <ClInclude Include="2020-Varianta-10.h">
      <Filter>Variante\2020</Filter>
    </ClInclude>
    <ClInclude Include="2020-Varianta-11.h">
      <Filter>Variante\2020</Filter>
    </ClInclude>
    <ClInclude Include="2020-Varianta-12.h">
      <Filter>Variante\2020</Filter>
    </ClInclude>
  </ItemGroup>
  <ItemGroup>
    <Text Include="bac.txt">
      <Filter>Text Files</Filter>
    </Text>
    <Text Include="bac1.txt">
      <Filter>Text Files</Filter>
    </Text>
    <Text Include="bac2.txt">
      <Filter>Text Files</Filter>
    </Text>
    <Text Include="bac-out.txt">
      <Filter>Text Files</Filter>
    </Text>
  </ItemGroup>
</Project>